
Microsoft Visual Studio Solution File, Format Version 12.00
# Visual Studio Version 17
VisualStudioVersion = 17.4.33205.214
MinimumVisualStudioVersion = 10.0.40219.1
Project("{FAE04EC0-301F-11D3-BF4B-00C04F79EFBC}") = "ConsoleApp1", "ConsoleApp1\ConsoleApp1.csproj", "{5CEB5216-AEBF-481F-A8BE-31A60AFB4746}"
EndProject
Project("{2150E333-8FDC-42A3-9474-1A3956D46DE8}") = "build-goo", "build-goo", "{CABDB58E-4CAC-45FD-8C35-A1B4FF577560}"
	ProjectSection(SolutionItems) = preProject
		..\build.cmd = ..\build.cmd
		..\.github\workflows\build.yml = ..\.github\workflows\build.yml
		..\dojo.wsb = ..\dojo.wsb
		..\dojostart.cmd = ..\dojostart.cmd
	EndProjectSection
EndProject
Project("{B7DD6F7E-DEF8-4E67-B5B7-07EF123DB6F0}") = "BeltTestPackage", "BeltTestPackage\BeltTestPackage.wixproj", "{375D7C28-89FF-4AAC-A51E-31EDB0A0C33C}"
EndProject
Project("{FAE04EC0-301F-11D3-BF4B-00C04F79EFBC}") = "WindowsFormsApp1", "WindowsFormsApp1\WindowsFormsApp1.csproj", "{B780B3C4-E7CC-4ABA-B6F6-DE59746666B3}"
EndProject
Project("{FAE04EC0-301F-11D3-BF4B-00C04F79EFBC}") = "WindowsService1", "WindowsService1\WindowsService1.csproj", "{1C12E773-FDDE-48F2-9B63-9ACF54C745F6}"
EndProject
Project("{FAE04EC0-301F-11D3-BF4B-00C04F79EFBC}") = "ClassLibrary1", "ClassLibrary1\ClassLibrary1.csproj", "{87C309BE-7A6C-4798-8BCD-33DD62F51826}"
EndProject
Project("{FAE04EC0-301F-11D3-BF4B-00C04F79EFBC}") = "ITConfig", "ITConfig\ITConfig.csproj", "{EE5703ED-2530-494D-B999-3E901D55A6E0}"
EndProject
Project("{B7DD6F7E-DEF8-4E67-B5B7-07EF123DB6F0}") = "Class1WixLib", "Class1WixLib\Class1WixLib.wixproj", "{0006E706-1BFD-476C-92D7-51729F3A7742}"
EndProject
Project("{8BC9CEB8-8B4A-11D0-8D11-00A0C91BC942}") = "NativeDll1", "NativeDll1\NativeDll1.vcxproj", "{0126E736-9E7A-4F9B-BDCD-2BA8DC5F6B75}"
EndProject
Global
	GlobalSection(SolutionConfigurationPlatforms) = preSolution
		Debug|Any CPU = Debug|Any CPU
		Debug|ARM64 = Debug|ARM64
		Debug|x64 = Debug|x64
		Debug|x86 = Debug|x86
		Release|Any CPU = Release|Any CPU
		Release|ARM64 = Release|ARM64
		Release|x64 = Release|x64
		Release|x86 = Release|x86
	EndGlobalSection
	GlobalSection(ProjectConfigurationPlatforms) = postSolution
		{5CEB5216-AEBF-481F-A8BE-31A60AFB4746}.Debug|Any CPU.ActiveCfg = Debug|Any CPU
		{5CEB5216-AEBF-481F-A8BE-31A60AFB4746}.Debug|Any CPU.Build.0 = Debug|Any CPU
		{5CEB5216-AEBF-481F-A8BE-31A60AFB4746}.Debug|ARM64.ActiveCfg = Debug|Any CPU
		{5CEB5216-AEBF-481F-A8BE-31A60AFB4746}.Debug|ARM64.Build.0 = Debug|Any CPU
		{5CEB5216-AEBF-481F-A8BE-31A60AFB4746}.Debug|x64.ActiveCfg = Debug|Any CPU
		{5CEB5216-AEBF-481F-A8BE-31A60AFB4746}.Debug|x64.Build.0 = Debug|Any CPU
		{5CEB5216-AEBF-481F-A8BE-31A60AFB4746}.Debug|x86.ActiveCfg = Debug|Any CPU
		{5CEB5216-AEBF-481F-A8BE-31A60AFB4746}.Debug|x86.Build.0 = Debug|Any CPU
		{5CEB5216-AEBF-481F-A8BE-31A60AFB4746}.Release|Any CPU.ActiveCfg = Release|Any CPU
		{5CEB5216-AEBF-481F-A8BE-31A60AFB4746}.Release|Any CPU.Build.0 = Release|Any CPU
		{5CEB5216-AEBF-481F-A8BE-31A60AFB4746}.Release|ARM64.ActiveCfg = Release|Any CPU
		{5CEB5216-AEBF-481F-A8BE-31A60AFB4746}.Release|ARM64.Build.0 = Release|Any CPU
		{5CEB5216-AEBF-481F-A8BE-31A60AFB4746}.Release|x64.ActiveCfg = Release|Any CPU
		{5CEB5216-AEBF-481F-A8BE-31A60AFB4746}.Release|x64.Build.0 = Release|Any CPU
		{5CEB5216-AEBF-481F-A8BE-31A60AFB4746}.Release|x86.ActiveCfg = Release|Any CPU
		{5CEB5216-AEBF-481F-A8BE-31A60AFB4746}.Release|x86.Build.0 = Release|Any CPU
		{375D7C28-89FF-4AAC-A51E-31EDB0A0C33C}.Debug|Any CPU.ActiveCfg = Debug|x64
		{375D7C28-89FF-4AAC-A51E-31EDB0A0C33C}.Debug|Any CPU.Build.0 = Debug|x64
		{375D7C28-89FF-4AAC-A51E-31EDB0A0C33C}.Debug|ARM64.ActiveCfg = Debug|ARM64
		{375D7C28-89FF-4AAC-A51E-31EDB0A0C33C}.Debug|ARM64.Build.0 = Debug|ARM64
		{375D7C28-89FF-4AAC-A51E-31EDB0A0C33C}.Debug|x64.ActiveCfg = Debug|x64
		{375D7C28-89FF-4AAC-A51E-31EDB0A0C33C}.Debug|x64.Build.0 = Debug|x64
		{375D7C28-89FF-4AAC-A51E-31EDB0A0C33C}.Debug|x86.ActiveCfg = Debug|x86
		{375D7C28-89FF-4AAC-A51E-31EDB0A0C33C}.Debug|x86.Build.0 = Debug|x86
		{375D7C28-89FF-4AAC-A51E-31EDB0A0C33C}.Release|Any CPU.ActiveCfg = Release|x64
		{375D7C28-89FF-4AAC-A51E-31EDB0A0C33C}.Release|Any CPU.Build.0 = Release|x64
		{375D7C28-89FF-4AAC-A51E-31EDB0A0C33C}.Release|ARM64.ActiveCfg = Release|ARM64
		{375D7C28-89FF-4AAC-A51E-31EDB0A0C33C}.Release|ARM64.Build.0 = Release|ARM64
		{375D7C28-89FF-4AAC-A51E-31EDB0A0C33C}.Release|x64.ActiveCfg = Release|x64
		{375D7C28-89FF-4AAC-A51E-31EDB0A0C33C}.Release|x64.Build.0 = Release|x64
		{375D7C28-89FF-4AAC-A51E-31EDB0A0C33C}.Release|x86.ActiveCfg = Release|x86
		{375D7C28-89FF-4AAC-A51E-31EDB0A0C33C}.Release|x86.Build.0 = Release|x86
		{B780B3C4-E7CC-4ABA-B6F6-DE59746666B3}.Debug|Any CPU.ActiveCfg = Debug|Any CPU
		{B780B3C4-E7CC-4ABA-B6F6-DE59746666B3}.Debug|Any CPU.Build.0 = Debug|Any CPU
		{B780B3C4-E7CC-4ABA-B6F6-DE59746666B3}.Debug|ARM64.ActiveCfg = Debug|Any CPU
		{B780B3C4-E7CC-4ABA-B6F6-DE59746666B3}.Debug|ARM64.Build.0 = Debug|Any CPU
		{B780B3C4-E7CC-4ABA-B6F6-DE59746666B3}.Debug|x64.ActiveCfg = Debug|Any CPU
		{B780B3C4-E7CC-4ABA-B6F6-DE59746666B3}.Debug|x64.Build.0 = Debug|Any CPU
		{B780B3C4-E7CC-4ABA-B6F6-DE59746666B3}.Debug|x86.ActiveCfg = Debug|Any CPU
		{B780B3C4-E7CC-4ABA-B6F6-DE59746666B3}.Debug|x86.Build.0 = Debug|Any CPU
		{B780B3C4-E7CC-4ABA-B6F6-DE59746666B3}.Release|Any CPU.ActiveCfg = Release|Any CPU
		{B780B3C4-E7CC-4ABA-B6F6-DE59746666B3}.Release|Any CPU.Build.0 = Release|Any CPU
		{B780B3C4-E7CC-4ABA-B6F6-DE59746666B3}.Release|ARM64.ActiveCfg = Release|Any CPU
		{B780B3C4-E7CC-4ABA-B6F6-DE59746666B3}.Release|ARM64.Build.0 = Release|Any CPU
		{B780B3C4-E7CC-4ABA-B6F6-DE59746666B3}.Release|x64.ActiveCfg = Release|Any CPU
		{B780B3C4-E7CC-4ABA-B6F6-DE59746666B3}.Release|x64.Build.0 = Release|Any CPU
		{B780B3C4-E7CC-4ABA-B6F6-DE59746666B3}.Release|x86.ActiveCfg = Release|Any CPU
		{B780B3C4-E7CC-4ABA-B6F6-DE59746666B3}.Release|x86.Build.0 = Release|Any CPU
		{1C12E773-FDDE-48F2-9B63-9ACF54C745F6}.Debug|Any CPU.ActiveCfg = Debug|Any CPU
		{1C12E773-FDDE-48F2-9B63-9ACF54C745F6}.Debug|Any CPU.Build.0 = Debug|Any CPU
		{1C12E773-FDDE-48F2-9B63-9ACF54C745F6}.Debug|ARM64.ActiveCfg = Debug|Any CPU
		{1C12E773-FDDE-48F2-9B63-9ACF54C745F6}.Debug|ARM64.Build.0 = Debug|Any CPU
		{1C12E773-FDDE-48F2-9B63-9ACF54C745F6}.Debug|x64.ActiveCfg = Debug|Any CPU
		{1C12E773-FDDE-48F2-9B63-9ACF54C745F6}.Debug|x64.Build.0 = Debug|Any CPU
		{1C12E773-FDDE-48F2-9B63-9ACF54C745F6}.Debug|x86.ActiveCfg = Debug|Any CPU
		{1C12E773-FDDE-48F2-9B63-9ACF54C745F6}.Debug|x86.Build.0 = Debug|Any CPU
		{1C12E773-FDDE-48F2-9B63-9ACF54C745F6}.Release|Any CPU.ActiveCfg = Release|Any CPU
		{1C12E773-FDDE-48F2-9B63-9ACF54C745F6}.Release|Any CPU.Build.0 = Release|Any CPU
		{1C12E773-FDDE-48F2-9B63-9ACF54C745F6}.Release|ARM64.ActiveCfg = Release|Any CPU
		{1C12E773-FDDE-48F2-9B63-9ACF54C745F6}.Release|ARM64.Build.0 = Release|Any CPU
		{1C12E773-FDDE-48F2-9B63-9ACF54C745F6}.Release|x64.ActiveCfg = Release|Any CPU
		{1C12E773-FDDE-48F2-9B63-9ACF54C745F6}.Release|x64.Build.0 = Release|Any CPU
		{1C12E773-FDDE-48F2-9B63-9ACF54C745F6}.Release|x86.ActiveCfg = Release|Any CPU
		{1C12E773-FDDE-48F2-9B63-9ACF54C745F6}.Release|x86.Build.0 = Release|Any CPU
		{87C309BE-7A6C-4798-8BCD-33DD62F51826}.Debug|Any CPU.ActiveCfg = Debug|Any CPU
		{87C309BE-7A6C-4798-8BCD-33DD62F51826}.Debug|Any CPU.Build.0 = Debug|Any CPU
		{87C309BE-7A6C-4798-8BCD-33DD62F51826}.Debug|ARM64.ActiveCfg = Debug|Any CPU
		{87C309BE-7A6C-4798-8BCD-33DD62F51826}.Debug|ARM64.Build.0 = Debug|Any CPU
		{87C309BE-7A6C-4798-8BCD-33DD62F51826}.Debug|x64.ActiveCfg = Debug|Any CPU
		{87C309BE-7A6C-4798-8BCD-33DD62F51826}.Debug|x64.Build.0 = Debug|Any CPU
		{87C309BE-7A6C-4798-8BCD-33DD62F51826}.Debug|x86.ActiveCfg = Debug|Any CPU
		{87C309BE-7A6C-4798-8BCD-33DD62F51826}.Debug|x86.Build.0 = Debug|Any CPU
		{87C309BE-7A6C-4798-8BCD-33DD62F51826}.Release|Any CPU.ActiveCfg = Release|Any CPU
		{87C309BE-7A6C-4798-8BCD-33DD62F51826}.Release|Any CPU.Build.0 = Release|Any CPU
		{87C309BE-7A6C-4798-8BCD-33DD62F51826}.Release|ARM64.ActiveCfg = Release|Any CPU
		{87C309BE-7A6C-4798-8BCD-33DD62F51826}.Release|ARM64.Build.0 = Release|Any CPU
		{87C309BE-7A6C-4798-8BCD-33DD62F51826}.Release|x64.ActiveCfg = Release|Any CPU
		{87C309BE-7A6C-4798-8BCD-33DD62F51826}.Release|x64.Build.0 = Release|Any CPU
		{87C309BE-7A6C-4798-8BCD-33DD62F51826}.Release|x86.ActiveCfg = Release|Any CPU
		{87C309BE-7A6C-4798-8BCD-33DD62F51826}.Release|x86.Build.0 = Release|Any CPU
		{EE5703ED-2530-494D-B999-3E901D55A6E0}.Debug|Any CPU.ActiveCfg = Debug|Any CPU
		{EE5703ED-2530-494D-B999-3E901D55A6E0}.Debug|Any CPU.Build.0 = Debug|Any CPU
		{EE5703ED-2530-494D-B999-3E901D55A6E0}.Debug|ARM64.ActiveCfg = Debug|Any CPU
		{EE5703ED-2530-494D-B999-3E901D55A6E0}.Debug|ARM64.Build.0 = Debug|Any CPU
		{EE5703ED-2530-494D-B999-3E901D55A6E0}.Debug|x64.ActiveCfg = Debug|Any CPU
		{EE5703ED-2530-494D-B999-3E901D55A6E0}.Debug|x64.Build.0 = Debug|Any CPU
		{EE5703ED-2530-494D-B999-3E901D55A6E0}.Debug|x86.ActiveCfg = Debug|Any CPU
		{EE5703ED-2530-494D-B999-3E901D55A6E0}.Debug|x86.Build.0 = Debug|Any CPU
		{EE5703ED-2530-494D-B999-3E901D55A6E0}.Release|Any CPU.ActiveCfg = Release|Any CPU
		{EE5703ED-2530-494D-B999-3E901D55A6E0}.Release|Any CPU.Build.0 = Release|Any CPU
		{EE5703ED-2530-494D-B999-3E901D55A6E0}.Release|ARM64.ActiveCfg = Release|Any CPU
		{EE5703ED-2530-494D-B999-3E901D55A6E0}.Release|ARM64.Build.0 = Release|Any CPU
		{EE5703ED-2530-494D-B999-3E901D55A6E0}.Release|x64.ActiveCfg = Release|Any CPU
		{EE5703ED-2530-494D-B999-3E901D55A6E0}.Release|x64.Build.0 = Release|Any CPU
		{EE5703ED-2530-494D-B999-3E901D55A6E0}.Release|x86.ActiveCfg = Release|Any CPU
		{EE5703ED-2530-494D-B999-3E901D55A6E0}.Release|x86.Build.0 = Release|Any CPU
		{0006E706-1BFD-476C-92D7-51729F3A7742}.Debug|Any CPU.ActiveCfg = Debug|x64
		{0006E706-1BFD-476C-92D7-51729F3A7742}.Debug|Any CPU.Build.0 = Debug|x64
		{0006E706-1BFD-476C-92D7-51729F3A7742}.Debug|ARM64.ActiveCfg = Debug|ARM64
		{0006E706-1BFD-476C-92D7-51729F3A7742}.Debug|ARM64.Build.0 = Debug|ARM64
		{0006E706-1BFD-476C-92D7-51729F3A7742}.Debug|x64.ActiveCfg = Debug|x64
		{0006E706-1BFD-476C-92D7-51729F3A7742}.Debug|x64.Build.0 = Debug|x64
		{0006E706-1BFD-476C-92D7-51729F3A7742}.Debug|x86.ActiveCfg = Debug|x86
		{0006E706-1BFD-476C-92D7-51729F3A7742}.Debug|x86.Build.0 = Debug|x86
		{0006E706-1BFD-476C-92D7-51729F3A7742}.Release|Any CPU.ActiveCfg = Release|x64
		{0006E706-1BFD-476C-92D7-51729F3A7742}.Release|Any CPU.Build.0 = Release|x64
		{0006E706-1BFD-476C-92D7-51729F3A7742}.Release|ARM64.ActiveCfg = Release|ARM64
		{0006E706-1BFD-476C-92D7-51729F3A7742}.Release|ARM64.Build.0 = Release|ARM64
		{0006E706-1BFD-476C-92D7-51729F3A7742}.Release|x64.ActiveCfg = Release|x64
		{0006E706-1BFD-476C-92D7-51729F3A7742}.Release|x64.Build.0 = Release|x64
		{0006E706-1BFD-476C-92D7-51729F3A7742}.Release|x86.ActiveCfg = Release|x86
		{0006E706-1BFD-476C-92D7-51729F3A7742}.Release|x86.Build.0 = Release|x86
		{0126E736-9E7A-4F9B-BDCD-2BA8DC5F6B75}.Debug|Any CPU.ActiveCfg = Debug|x64
		{0126E736-9E7A-4F9B-BDCD-2BA8DC5F6B75}.Debug|Any CPU.Build.0 = Debug|x64
		{0126E736-9E7A-4F9B-BDCD-2BA8DC5F6B75}.Debug|ARM64.ActiveCfg = Debug|x64
		{0126E736-9E7A-4F9B-BDCD-2BA8DC5F6B75}.Debug|ARM64.Build.0 = Debug|x64
		{0126E736-9E7A-4F9B-BDCD-2BA8DC5F6B75}.Debug|x64.ActiveCfg = Debug|x64
		{0126E736-9E7A-4F9B-BDCD-2BA8DC5F6B75}.Debug|x64.Build.0 = Debug|x64
		{0126E736-9E7A-4F9B-BDCD-2BA8DC5F6B75}.Debug|x86.ActiveCfg = Debug|Win32
		{0126E736-9E7A-4F9B-BDCD-2BA8DC5F6B75}.Debug|x86.Build.0 = Debug|Win32
		{0126E736-9E7A-4F9B-BDCD-2BA8DC5F6B75}.Release|Any CPU.ActiveCfg = Release|x64
		{0126E736-9E7A-4F9B-BDCD-2BA8DC5F6B75}.Release|Any CPU.Build.0 = Release|x64
		{0126E736-9E7A-4F9B-BDCD-2BA8DC5F6B75}.Release|ARM64.ActiveCfg = Release|x64
		{0126E736-9E7A-4F9B-BDCD-2BA8DC5F6B75}.Release|ARM64.Build.0 = Release|x64
		{0126E736-9E7A-4F9B-BDCD-2BA8DC5F6B75}.Release|x64.ActiveCfg = Release|x64
		{0126E736-9E7A-4F9B-BDCD-2BA8DC5F6B75}.Release|x64.Build.0 = Release|x64
		{0126E736-9E7A-4F9B-BDCD-2BA8DC5F6B75}.Release|x86.ActiveCfg = Release|Win32
		{0126E736-9E7A-4F9B-BDCD-2BA8DC5F6B75}.Release|x86.Build.0 = Release|Win32
	EndGlobalSection
	GlobalSection(SolutionProperties) = preSolution
		HideSolutionNode = FALSE
	EndGlobalSection
	GlobalSection(ExtensibilityGlobals) = postSolution
		SolutionGuid = {E3793930-472C-45E0-98F5-76072DA754C3}
	EndGlobalSection
EndGlobal
